
Microsoft Visual Studio Solution File, Format Version 12.00
# Visual Studio Version 17
VisualStudioVersion = 17.5.002.0
MinimumVisualStudioVersion = 10.0.40219.1
Project("{9A19103F-16F7-4668-BE54-9A1E7A4F7556}") = "14-question-program-Preston-Franklin-student", "14-question-program-Preston-Franklin-student.csproj", "{5BA25E90-5BC3-4F19-8206-95B55669EEE3}"
EndProject
Global
	GlobalSection(SolutionConfigurationPlatforms) = preSolution
		Debug|Any CPU = Debug|Any CPU
		Release|Any CPU = Release|Any CPU
	EndGlobalSection
	GlobalSection(ProjectConfigurationPlatforms) = postSolution
		{5BA25E90-5BC3-4F19-8206-95B55669EEE3}.Debug|Any CPU.ActiveCfg = Debug|Any CPU
		{5BA25E90-5BC3-4F19-8206-95B55669EEE3}.Debug|Any CPU.Build.0 = Debug|Any CPU
		{5BA25E90-5BC3-4F19-8206-95B55669EEE3}.Release|Any CPU.ActiveCfg = Release|Any CPU
		{5BA25E90-5BC3-4F19-8206-95B55669EEE3}.Release|Any CPU.Build.0 = Release|Any CPU
	EndGlobalSection
	GlobalSection(SolutionProperties) = preSolution
		HideSolutionNode = FALSE
	EndGlobalSection
	GlobalSection(ExtensibilityGlobals) = postSolution
		SolutionGuid = {14BCE0A2-62D5-41A2-977B-964156AC2CE2}
	EndGlobalSection
EndGlobal
